
Microsoft Visual Studio Solution File, Format Version 12.00
# Visual Studio Version 17
VisualStudioVersion = 17.5.002.0
MinimumVisualStudioVersion = 10.0.40219.1
Project("{9A19103F-16F7-4668-BE54-9A1E7A4F7556}") = "StudentInformation.Consumer", "StudentInformation.Consumer.csproj", "{44384FF9-E298-4683-958C-C6FE17B2B69F}"
EndProject
Global
	GlobalSection(SolutionConfigurationPlatforms) = preSolution
		Debug|Any CPU = Debug|Any CPU
		Release|Any CPU = Release|Any CPU
	EndGlobalSection
	GlobalSection(ProjectConfigurationPlatforms) = postSolution
		{44384FF9-E298-4683-958C-C6FE17B2B69F}.Debug|Any CPU.ActiveCfg = Debug|Any CPU
		{44384FF9-E298-4683-958C-C6FE17B2B69F}.Debug|Any CPU.Build.0 = Debug|Any CPU
		{44384FF9-E298-4683-958C-C6FE17B2B69F}.Release|Any CPU.ActiveCfg = Release|Any CPU
		{44384FF9-E298-4683-958C-C6FE17B2B69F}.Release|Any CPU.Build.0 = Release|Any CPU
	EndGlobalSection
	GlobalSection(SolutionProperties) = preSolution
		HideSolutionNode = FALSE
	EndGlobalSection
	GlobalSection(ExtensibilityGlobals) = postSolution
		SolutionGuid = {8B06F2F5-BE88-4E5D-AE26-6ECD6C490107}
	EndGlobalSection
EndGlobal
