
Microsoft Visual Studio Solution File, Format Version 12.00
# Visual Studio Version 17
VisualStudioVersion = 17.0.31903.59
MinimumVisualStudioVersion = 10.0.40219.1
Project("{FAE04EC0-301F-11D3-BF4B-00C04F79EFBC}") = "StudentInformation.Domain", "StudentInformation.Domain\StudentInformation.Domain.csproj", "{420E5EB5-9881-4572-A2A2-D5D280E16266}"
EndProject
Project("{FAE04EC0-301F-11D3-BF4B-00C04F79EFBC}") = "StudentInformation.Application", "StudentInformation.Application\StudentInformation.Application.csproj", "{908E9BE6-8471-4E4A-8AEA-8BB924137E41}"
EndProject
Project("{FAE04EC0-301F-11D3-BF4B-00C04F79EFBC}") = "StudentInformation.Infrastructure", "StudentInformation.Infrastructure\StudentInformation.Infrastructure.csproj", "{0B20CC0E-FF1E-47B5-8DA5-7271770AE022}"
EndProject
Project("{FAE04EC0-301F-11D3-BF4B-00C04F79EFBC}") = "StudentInformation.Api", "StudentInformation.Api\StudentInformation.Api.csproj", "{737671CF-8AA5-4A4A-8F47-38839714C078}"
EndProject
Project("{FAE04EC0-301F-11D3-BF4B-00C04F79EFBC}") = "StudentInformation.Application.Tests", "StudentInformation.Application.Tests\StudentInformation.Application.Tests.csproj", "{348283E0-2B83-42AB-AB41-488A0E5455E0}"
EndProject
Global
	GlobalSection(SolutionConfigurationPlatforms) = preSolution
		Debug|Any CPU = Debug|Any CPU
		Release|Any CPU = Release|Any CPU
	EndGlobalSection
	GlobalSection(SolutionProperties) = preSolution
		HideSolutionNode = FALSE
	EndGlobalSection
	GlobalSection(ProjectConfigurationPlatforms) = postSolution
		{420E5EB5-9881-4572-A2A2-D5D280E16266}.Debug|Any CPU.ActiveCfg = Debug|Any CPU
		{420E5EB5-9881-4572-A2A2-D5D280E16266}.Debug|Any CPU.Build.0 = Debug|Any CPU
		{420E5EB5-9881-4572-A2A2-D5D280E16266}.Release|Any CPU.ActiveCfg = Release|Any CPU
		{420E5EB5-9881-4572-A2A2-D5D280E16266}.Release|Any CPU.Build.0 = Release|Any CPU
		{908E9BE6-8471-4E4A-8AEA-8BB924137E41}.Debug|Any CPU.ActiveCfg = Debug|Any CPU
		{908E9BE6-8471-4E4A-8AEA-8BB924137E41}.Debug|Any CPU.Build.0 = Debug|Any CPU
		{908E9BE6-8471-4E4A-8AEA-8BB924137E41}.Release|Any CPU.ActiveCfg = Release|Any CPU
		{908E9BE6-8471-4E4A-8AEA-8BB924137E41}.Release|Any CPU.Build.0 = Release|Any CPU
		{0B20CC0E-FF1E-47B5-8DA5-7271770AE022}.Debug|Any CPU.ActiveCfg = Debug|Any CPU
		{0B20CC0E-FF1E-47B5-8DA5-7271770AE022}.Debug|Any CPU.Build.0 = Debug|Any CPU
		{0B20CC0E-FF1E-47B5-8DA5-7271770AE022}.Release|Any CPU.ActiveCfg = Release|Any CPU
		{0B20CC0E-FF1E-47B5-8DA5-7271770AE022}.Release|Any CPU.Build.0 = Release|Any CPU
		{737671CF-8AA5-4A4A-8F47-38839714C078}.Debug|Any CPU.ActiveCfg = Debug|Any CPU
		{737671CF-8AA5-4A4A-8F47-38839714C078}.Debug|Any CPU.Build.0 = Debug|Any CPU
		{737671CF-8AA5-4A4A-8F47-38839714C078}.Release|Any CPU.ActiveCfg = Release|Any CPU
		{737671CF-8AA5-4A4A-8F47-38839714C078}.Release|Any CPU.Build.0 = Release|Any CPU
		{348283E0-2B83-42AB-AB41-488A0E5455E0}.Debug|Any CPU.ActiveCfg = Debug|Any CPU
		{348283E0-2B83-42AB-AB41-488A0E5455E0}.Debug|Any CPU.Build.0 = Debug|Any CPU
		{348283E0-2B83-42AB-AB41-488A0E5455E0}.Release|Any CPU.ActiveCfg = Release|Any CPU
		{348283E0-2B83-42AB-AB41-488A0E5455E0}.Release|Any CPU.Build.0 = Release|Any CPU
	EndGlobalSection
EndGlobal
